// !$*UTF8*$!
{
	archiveVersion = 1;
	classes = {
	};
	objectVersion = 50;
	objects = {

/* Begin PBXBuildFile section */
		04CD7F7B23461A8F009854C2 /* AppDelegate.swift in Sources */ = {isa = PBXBuildFile; fileRef = 04CD7F7A23461A8F009854C2 /* AppDelegate.swift */; };
		04CD7F7D23461A8F009854C2 /* SceneDelegate.swift in Sources */ = {isa = PBXBuildFile; fileRef = 04CD7F7C23461A8F009854C2 /* SceneDelegate.swift */; };
		04CD7F7F23461A8F009854C2 /* ContentView.swift in Sources */ = {isa = PBXBuildFile; fileRef = 04CD7F7E23461A8F009854C2 /* ContentView.swift */; };
		04CD7F8123461A91009854C2 /* Assets.xcassets in Resources */ = {isa = PBXBuildFile; fileRef = 04CD7F8023461A91009854C2 /* Assets.xcassets */; };
		04CD7F8423461A91009854C2 /* Preview Assets.xcassets in Resources */ = {isa = PBXBuildFile; fileRef = 04CD7F8323461A91009854C2 /* Preview Assets.xcassets */; };
		04CD7F8723461A91009854C2 /* LaunchScreen.storyboard in Resources */ = {isa = PBXBuildFile; fileRef = 04CD7F8523461A91009854C2 /* LaunchScreen.storyboard */; };
		04CD7F8F23461AB3009854C2 /* NoDo.swift in Sources */ = {isa = PBXBuildFile; fileRef = 04CD7F8E23461AB3009854C2 /* NoDo.swift */; };
		04CD7F95234625ED009854C2 /* TopView.swift in Sources */ = {isa = PBXBuildFile; fileRef = 04CD7F94234625ED009854C2 /* TopView.swift */; };
		04CD7F97234632ED009854C2 /* NodoRow.swift in Sources */ = {isa = PBXBuildFile; fileRef = 04CD7F96234632ED009854C2 /* NodoRow.swift */; };
/* End PBXBuildFile section */

/* Begin PBXFileReference section */
		04CD7F7723461A8F009854C2 /* Nodo.app */ = {isa = PBXFileReference; explicitFileType = wrapper.application; includeInIndex = 0; path = Nodo.app; sourceTree = BUILT_PRODUCTS_DIR; };
		04CD7F7A23461A8F009854C2 /* AppDelegate.swift */ = {isa = PBXFileReference; lastKnownFileType = sourcecode.swift; path = AppDelegate.swift; sourceTree = "<group>"; };
		04CD7F7C23461A8F009854C2 /* SceneDelegate.swift */ = {isa = PBXFileReference; lastKnownFileType = sourcecode.swift; path = SceneDelegate.swift; sourceTree = "<group>"; };
		04CD7F7E23461A8F009854C2 /* ContentView.swift */ = {isa = PBXFileReference; lastKnownFileType = sourcecode.swift; path = ContentView.swift; sourceTree = "<group>"; };
		04CD7F8023461A91009854C2 /* Assets.xcassets */ = {isa = PBXFileReference; lastKnownFileType = folder.assetcatalog; path = Assets.xcassets; sourceTree = "<group>"; };
		04CD7F8323461A91009854C2 /* Preview Assets.xcassets */ = {isa = PBXFileReference; lastKnownFileType = folder.assetcatalog; path = "Preview Assets.xcassets"; sourceTree = "<group>"; };
		04CD7F8623461A91009854C2 /* Base */ = {isa = PBXFileReference; lastKnownFileType = file.storyboard; name = Base; path = Base.lproj/LaunchScreen.storyboard; sourceTree = "<group>"; };
		04CD7F8823461A91009854C2 /* Info.plist */ = {isa = PBXFileReference; lastKnownFileType = text.plist.xml; path = Info.plist; sourceTree = "<group>"; };
		04CD7F8E23461AB3009854C2 /* NoDo.swift */ = {isa = PBXFileReference; lastKnownFileType = sourcecode.swift; path = NoDo.swift; sourceTree = "<group>"; };
		04CD7F94234625ED009854C2 /* TopView.swift */ = {isa = PBXFileReference; lastKnownFileType = sourcecode.swift; path = TopView.swift; sourceTree = "<group>"; };
		04CD7F96234632ED009854C2 /* NodoRow.swift */ = {isa = PBXFileReference; lastKnownFileType = sourcecode.swift; path = NodoRow.swift; sourceTree = "<group>"; };
/* End PBXFileReference section */

/* Begin PBXFrameworksBuildPhase section */
		04CD7F7423461A8F009854C2 /* Frameworks */ = {
			isa = PBXFrameworksBuildPhase;
			buildActionMask = 2147483647;
			files = (
			);
			runOnlyForDeploymentPostprocessing = 0;
		};
/* End PBXFrameworksBuildPhase section */

/* Begin PBXGroup section */
		04CD7F6E23461A8F009854C2 = {
			isa = PBXGroup;
			children = (
				04CD7F7923461A8F009854C2 /* Nodo */,
				04CD7F7823461A8F009854C2 /* Products */,
			);
			sourceTree = "<group>";
		};
		04CD7F7823461A8F009854C2 /* Products */ = {
			isa = PBXGroup;
			children = (
				04CD7F7723461A8F009854C2 /* Nodo.app */,
			);
			name = Products;
			sourceTree = "<group>";
		};
		04CD7F7923461A8F009854C2 /* Nodo */ = {
			isa = PBXGroup;
			children = (
				04CD7F91234625C9009854C2 /* Views */,
				04CD7F90234625C1009854C2 /* Model */,
				04CD7F7A23461A8F009854C2 /* AppDelegate.swift */,
				04CD7F7C23461A8F009854C2 /* SceneDelegate.swift */,
				04CD7F7E23461A8F009854C2 /* ContentView.swift */,
				04CD7F8023461A91009854C2 /* Assets.xcassets */,
				04CD7F8523461A91009854C2 /* LaunchScreen.storyboard */,
				04CD7F8823461A91009854C2 /* Info.plist */,
				04CD7F8223461A91009854C2 /* Preview Content */,
			);
			path = Nodo;
			sourceTree = "<group>";
		};
		04CD7F8223461A91009854C2 /* Preview Content */ = {
			isa = PBXGroup;
			children = (
				04CD7F8323461A91009854C2 /* Preview Assets.xcassets */,
			);
			path = "Preview Content";
			sourceTree = "<group>";
		};
		04CD7F90234625C1009854C2 /* Model */ = {
			isa = PBXGroup;
			children = (
				04CD7F8E23461AB3009854C2 /* NoDo.swift */,
			);
			path = Model;
			sourceTree = "<group>";
		};
		04CD7F91234625C9009854C2 /* Views */ = {
			isa = PBXGroup;
			children = (
				04CD7F94234625ED009854C2 /* TopView.swift */,
				04CD7F96234632ED009854C2 /* NodoRow.swift */,
			);
			path = Views;
			sourceTree = "<group>";
		};
/* End PBXGroup section */

/* Begin PBXNativeTarget section */
		04CD7F7623461A8F009854C2 /* Nodo */ = {
			isa = PBXNativeTarget;
			buildConfigurationList = 04CD7F8B23461A91009854C2 /* Build configuration list for PBXNativeTarget "Nodo" */;
			buildPhases = (
				04CD7F7323461A8F009854C2 /* Sources */,
				04CD7F7423461A8F009854C2 /* Frameworks */,
				04CD7F7523461A8F009854C2 /* Resources */,
			);
			buildRules = (
			);
			dependencies = (
			);
			name = Nodo;
			productName = Nodo;
			productReference = 04CD7F7723461A8F009854C2 /* Nodo.app */;
			productType = "com.apple.product-type.application";
		};
/* End PBXNativeTarget section */

/* Begin PBXProject section */
		04CD7F6F23461A8F009854C2 /* Project object */ = {
			isa = PBXProject;
			attributes = {
				LastSwiftUpdateCheck = 1100;
				LastUpgradeCheck = 1100;
				ORGANIZATIONNAME = xsad;
				TargetAttributes = {
					04CD7F7623461A8F009854C2 = {
						CreatedOnToolsVersion = 11.0;
					};
				};
			};
			buildConfigurationList = 04CD7F7223461A8F009854C2 /* Build configuration list for PBXProject "Nodo" */;
			compatibilityVersion = "Xcode 9.3";
			developmentRegion = en;
			hasScannedForEncodings = 0;
			knownRegions = (
				en,
				Base,
			);
			mainGroup = 04CD7F6E23461A8F009854C2;
			productRefGroup = 04CD7F7823461A8F009854C2 /* Products */;
			projectDirPath = "";
			projectRoot = "";
			targets = (
				04CD7F7623461A8F009854C2 /* Nodo */,
			);
		};
/* End PBXProject section */

/* Begin PBXResourcesBuildPhase section */
		04CD7F7523461A8F009854C2 /* Resources */ = {
			isa = PBXResourcesBuildPhase;
			buildActionMask = 2147483647;
			files = (
				04CD7F8723461A91009854C2 /* LaunchScreen.storyboard in Resources */,
				04CD7F8423461A91009854C2 /* Preview Assets.xcassets in Resources */,
				04CD7F8123461A91009854C2 /* Assets.xcassets in Resources */,
			);
			runOnlyForDeploymentPostprocessing = 0;
		};
/* End PBXResourcesBuildPhase section */

/* Begin PBXSourcesBuildPhase section */
		04CD7F7323461A8F009854C2 /* Sources */ = {
			isa = PBXSourcesBuildPhase;
			buildActionMask = 2147483647;
			files = (
				04CD7F7B23461A8F009854C2 /* AppDelegate.swift in Sources */,
				04CD7F95234625ED009854C2 /* TopView.swift in Sources */,
				04CD7F97234632ED009854C2 /* NodoRow.swift in Sources */,
				04CD7F8F23461AB3009854C2 /* NoDo.swift in Sources */,
				04CD7F7D23461A8F009854C2 /* SceneDelegate.swift in Sources */,
				04CD7F7F23461A8F009854C2 /* ContentView.swift in Sources */,
			);
			runOnlyForDeploymentPostprocessing = 0;
		};
/* End PBXSourcesBuildPhase section */

/* Begin PBXVariantGroup section */
		04CD7F8523461A91009854C2 /* LaunchScreen.storyboard */ = {
			isa = PBXVariantGroup;
			children = (
				04CD7F8623461A91009854C2 /* Base */,
			);
			name = LaunchScreen.storyboard;
			sourceTree = "<group>";
		};
/* End PBXVariantGroup section */

/* Begin XCBuildConfiguration section */
		04CD7F8923461A91009854C2 /* Debug */ = {
			isa = XCBuildConfiguration;
			buildSettings = {
				ALWAYS_SEARCH_USER_PATHS = NO;
				CLANG_ANALYZER_NONNULL = YES;
				CLANG_ANALYZER_NUMBER_OBJECT_CONVERSION = YES_AGGRESSIVE;
				CLANG_CXX_LANGUAGE_STANDARD = "gnu++14";
				CLANG_CXX_LIBRARY = "libc++";
				CLANG_ENABLE_MODULES = YES;
				CLANG_ENABLE_OBJC_ARC = YES;
				CLANG_ENABLE_OBJC_WEAK = YES;
				CLANG_WARN_BLOCK_CAPTURE_AUTORELEASING = YES;
				CLANG_WARN_BOOL_CONVERSION = YES;
				CLANG_WARN_COMMA = YES;
				CLANG_WARN_CONSTANT_CONVERSION = YES;
				CLANG_WARN_DEPRECATED_OBJC_IMPLEMENTATIONS = YES;
				CLANG_WARN_DIRECT_OBJC_ISA_USAGE = YES_ERROR;
				CLANG_WARN_DOCUMENTATION_COMMENTS = YES;
				CLANG_WARN_EMPTY_BODY = YES;
				CLANG_WARN_ENUM_CONVERSION = YES;
				CLANG_WARN_INFINITE_RECURSION = YES;
				CLANG_WARN_INT_CONVERSION = YES;
				CLANG_WARN_NON_LITERAL_NULL_CONVERSION = YES;
				CLANG_WARN_OBJC_IMPLICIT_RETAIN_SELF = YES;
				CLANG_WARN_OBJC_LITERAL_CONVERSION = YES;
				CLANG_WARN_OBJC_ROOT_CLASS = YES_ERROR;
				CLANG_WARN_RANGE_LOOP_ANALYSIS = YES;
				CLANG_WARN_STRICT_PROTOTYPES = YES;
				CLANG_WARN_SUSPICIOUS_MOVE = YES;
				CLANG_WARN_UNGUARDED_AVAILABILITY = YES_AGGRESSIVE;
				CLANG_WARN_UNREACHABLE_CODE = YES;
				CLANG_WARN__DUPLICATE_METHOD_MATCH = YES;
				COPY_PHASE_STRIP = NO;
				DEBUG_INFORMATION_FORMAT = dwarf;
				ENABLE_STRICT_OBJC_MSGSEND = YES;
				ENABLE_TESTABILITY = YES;
				GCC_C_LANGUAGE_STANDARD = gnu11;
				GCC_DYNAMIC_NO_PIC = NO;
				GCC_NO_COMMON_BLOCKS = YES;
				GCC_OPTIMIZATION_LEVEL = 0;
				GCC_PREPROCESSOR_DEFINITIONS = (
					"DEBUG=1",
					"$(inherited)",
				);
				GCC_WARN_64_TO_32_BIT_CONVERSION = YES;
				GCC_WARN_ABOUT_RETURN_TYPE = YES_ERROR;
				GCC_WARN_UNDECLARED_SELECTOR = YES;
				GCC_WARN_UNINITIALIZED_AUTOS = YES_AGGRESSIVE;
				GCC_WARN_UNUSED_FUNCTION = YES;
				GCC_WARN_UNUSED_VARIABLE = YES;
				IPHONEOS_DEPLOYMENT_TARGET = 13.0;
				MTL_ENABLE_DEBUG_INFO = INCLUDE_SOURCE;
				MTL_FAST_MATH = YES;
				ONLY_ACTIVE_ARCH = YES;
				SDKROOT = iphoneos;
				SWIFT_ACTIVE_COMPILATION_CONDITIONS = DEBUG;
				SWIFT_OPTIMIZATION_LEVEL = "-Onone";
			};
			name = Debug;
		};
		04CD7F8A23461A91009854C2 /* Release */ = {
			isa = XCBuildConfiguration;
			buildSettings = {
				ALWAYS_SEARCH_USER_PATHS = NO;
				CLANG_ANALYZER_NONNULL = YES;
				CLANG_ANALYZER_NUMBER_OBJECT_CONVERSION = YES_AGGRESSIVE;
				CLANG_CXX_LANGUAGE_STANDARD = "gnu++14";
				CLANG_CXX_LIBRARY = "libc++";
				CLANG_ENABLE_MODULES = YES;
				CLANG_ENABLE_OBJC_ARC = YES;
				CLANG_ENABLE_OBJC_WEAK = YES;
				CLANG_WARN_BLOCK_CAPTURE_AUTORELEASING = YES;
				CLANG_WARN_BOOL_CONVERSION = YES;
				CLANG_WARN_COMMA = YES;
				CLANG_WARN_CONSTANT_CONVERSION = YES;
				CLANG_WARN_DEPRECATED_OBJC_IMPLEMENTATIONS = YES;
				CLANG_WARN_DIRECT_OBJC_ISA_USAGE = YES_ERROR;
				CLANG_WARN_DOCUMENTATION_COMMENTS = YES;
				CLANG_WARN_EMPTY_BODY = YES;
				CLANG_WARN_ENUM_CONVERSION = YES;
				CLANG_WARN_INFINITE_RECURSION = YES;
				CLANG_WARN_INT_CONVERSION = YES;
				CLANG_WARN_NON_LITERAL_NULL_CONVERSION = YES;
				CLANG_WARN_OBJC_IMPLICIT_RETAIN_SELF = YES;
				CLANG_WARN_OBJC_LITERAL_CONVERSION = YES;
				CLANG_WARN_OBJC_ROOT_CLASS = YES_ERROR;
				CLANG_WARN_RANGE_LOOP_ANALYSIS = YES;
				CLANG_WARN_STRICT_PROTOTYPES = YES;
				CLANG_WARN_SUSPICIOUS_MOVE = YES;
				CLANG_WARN_UNGUARDED_AVAILABILITY = YES_AGGRESSIVE;
				CLANG_WARN_UNREACHABLE_CODE = YES;
				CLANG_WARN__DUPLICATE_METHOD_MATCH = YES;
				COPY_PHASE_STRIP = NO;
				DEBUG_INFORMATION_FORMAT = "dwarf-with-dsym";
				ENABLE_NS_ASSERTIONS = NO;
				ENABLE_STRICT_OBJC_MSGSEND = YES;
				GCC_C_LANGUAGE_STANDARD = gnu11;
				GCC_NO_COMMON_BLOCKS = YES;
				GCC_WARN_64_TO_32_BIT_CONVERSION = YES;
				GCC_WARN_ABOUT_RETURN_TYPE = YES_ERROR;
				GCC_WARN_UNDECLARED_SELECTOR = YES;
				GCC_WARN_UNINITIALIZED_AUTOS = YES_AGGRESSIVE;
				GCC_WARN_UNUSED_FUNCTION = YES;
				GCC_WARN_UNUSED_VARIABLE = YES;
				IPHONEOS_DEPLOYMENT_TARGET = 13.0;
				MTL_ENABLE_DEBUG_INFO = NO;
				MTL_FAST_MATH = YES;
				SDKROOT = iphoneos;
				SWIFT_COMPILATION_MODE = wholemodule;
				SWIFT_OPTIMIZATION_LEVEL = "-O";
				VALIDATE_PRODUCT = YES;
			};
			name = Release;
		};
		04CD7F8C23461A91009854C2 /* Debug */ = {
			isa = XCBuildConfiguration;
			buildSettings = {
				ASSETCATALOG_COMPILER_APPICON_NAME = AppIcon;
				CODE_SIGN_STYLE = Automatic;
				DEVELOPMENT_ASSET_PATHS = "\"Nodo/Preview Content\"";
				ENABLE_PREVIEWS = YES;
				INFOPLIST_FILE = Nodo/Info.plist;
				LD_RUNPATH_SEARCH_PATHS = (
					"$(inherited)",
					"@executable_path/Frameworks",
				);
				PRODUCT_BUNDLE_IDENTIFIER = sad.Nodo;
				PRODUCT_NAME = "$(TARGET_NAME)";
				SWIFT_VERSION = 5.0;
				TARGETED_DEVICE_FAMILY = "1,2";
			};
			name = Debug;
		};
		04CD7F8D23461A91009854C2 /* Release */ = {
			isa = XCBuildConfiguration;
			buildSettings = {
				ASSETCATALOG_COMPILER_APPICON_NAME = AppIcon;
				CODE_SIGN_STYLE = Automatic;
				DEVELOPMENT_ASSET_PATHS = "\"Nodo/Preview Content\"";
				ENABLE_PREVIEWS = YES;
				INFOPLIST_FILE = Nodo/Info.plist;
				LD_RUNPATH_SEARCH_PATHS = (
					"$(inherited)",
					"@executable_path/Frameworks",
				);
				PRODUCT_BUNDLE_IDENTIFIER = sad.Nodo;
				PRODUCT_NAME = "$(TARGET_NAME)";
				SWIFT_VERSION = 5.0;
				TARGETED_DEVICE_FAMILY = "1,2";
			};
			name = Release;
		};
/* End XCBuildConfiguration section */

/* Begin XCConfigurationList section */
		04CD7F7223461A8F009854C2 /* Build configuration list for PBXProject "Nodo" */ = {
			isa = XCConfigurationList;
			buildConfigurations = (
				04CD7F8923461A91009854C2 /* Debug */,
				04CD7F8A23461A91009854C2 /* Release */,
			);
			defaultConfigurationIsVisible = 0;
			defaultConfigurationName = Release;
		};
		04CD7F8B23461A91009854C2 /* Build configuration list for PBXNativeTarget "Nodo" */ = {
			isa = XCConfigurationList;
			buildConfigurations = (
				04CD7F8C23461A91009854C2 /* Debug */,
				04CD7F8D23461A91009854C2 /* Release */,
			);
			defaultConfigurationIsVisible = 0;
			defaultConfigurationName = Release;
		};
/* End XCConfigurationList section */
	};
	rootObject = 04CD7F6F23461A8F009854C2 /* Project object */;
}
