// !$*UTF8*$!
{
	archiveVersion = 1;
	classes = {
	};
	objectVersion = 50;
	objects = {

/* Begin PBXBuildFile section */
		045E1200233B55D6003D6D6A /* AppDelegate.swift in Sources */ = {isa = PBXBuildFile; fileRef = 045E11FF233B55D6003D6D6A /* AppDelegate.swift */; };
		045E1202233B55D6003D6D6A /* SceneDelegate.swift in Sources */ = {isa = PBXBuildFile; fileRef = 045E1201233B55D6003D6D6A /* SceneDelegate.swift */; };
		045E1204233B55D6003D6D6A /* ContentView.swift in Sources */ = {isa = PBXBuildFile; fileRef = 045E1203233B55D6003D6D6A /* ContentView.swift */; };
		045E1206233B55D8003D6D6A /* Assets.xcassets in Resources */ = {isa = PBXBuildFile; fileRef = 045E1205233B55D8003D6D6A /* Assets.xcassets */; };
		045E1209233B55D8003D6D6A /* Preview Assets.xcassets in Resources */ = {isa = PBXBuildFile; fileRef = 045E1208233B55D8003D6D6A /* Preview Assets.xcassets */; };
		045E120C233B55D8003D6D6A /* LaunchScreen.storyboard in Resources */ = {isa = PBXBuildFile; fileRef = 045E120A233B55D8003D6D6A /* LaunchScreen.storyboard */; };
/* End PBXBuildFile section */

/* Begin PBXFileReference section */
		045E11FC233B55D6003D6D6A /* Animation-Go-B4.app */ = {isa = PBXFileReference; explicitFileType = wrapper.application; includeInIndex = 0; path = "Animation-Go-B4.app"; sourceTree = BUILT_PRODUCTS_DIR; };
		045E11FF233B55D6003D6D6A /* AppDelegate.swift */ = {isa = PBXFileReference; lastKnownFileType = sourcecode.swift; path = AppDelegate.swift; sourceTree = "<group>"; };
		045E1201233B55D6003D6D6A /* SceneDelegate.swift */ = {isa = PBXFileReference; lastKnownFileType = sourcecode.swift; path = SceneDelegate.swift; sourceTree = "<group>"; };
		045E1203233B55D6003D6D6A /* ContentView.swift */ = {isa = PBXFileReference; lastKnownFileType = sourcecode.swift; path = ContentView.swift; sourceTree = "<group>"; };
		045E1205233B55D8003D6D6A /* Assets.xcassets */ = {isa = PBXFileReference; lastKnownFileType = folder.assetcatalog; path = Assets.xcassets; sourceTree = "<group>"; };
		045E1208233B55D8003D6D6A /* Preview Assets.xcassets */ = {isa = PBXFileReference; lastKnownFileType = folder.assetcatalog; path = "Preview Assets.xcassets"; sourceTree = "<group>"; };
		045E120B233B55D8003D6D6A /* Base */ = {isa = PBXFileReference; lastKnownFileType = file.storyboard; name = Base; path = Base.lproj/LaunchScreen.storyboard; sourceTree = "<group>"; };
		045E120D233B55D8003D6D6A /* Info.plist */ = {isa = PBXFileReference; lastKnownFileType = text.plist.xml; path = Info.plist; sourceTree = "<group>"; };
/* End PBXFileReference section */

/* Begin PBXFrameworksBuildPhase section */
		045E11F9233B55D6003D6D6A /* Frameworks */ = {
			isa = PBXFrameworksBuildPhase;
			buildActionMask = 2147483647;
			files = (
			);
			runOnlyForDeploymentPostprocessing = 0;
		};
/* End PBXFrameworksBuildPhase section */

/* Begin PBXGroup section */
		045E11F3233B55D6003D6D6A = {
			isa = PBXGroup;
			children = (
				045E11FE233B55D6003D6D6A /* Animation-Go-B4 */,
				045E11FD233B55D6003D6D6A /* Products */,
			);
			sourceTree = "<group>";
		};
		045E11FD233B55D6003D6D6A /* Products */ = {
			isa = PBXGroup;
			children = (
				045E11FC233B55D6003D6D6A /* Animation-Go-B4.app */,
			);
			name = Products;
			sourceTree = "<group>";
		};
		045E11FE233B55D6003D6D6A /* Animation-Go-B4 */ = {
			isa = PBXGroup;
			children = (
				045E11FF233B55D6003D6D6A /* AppDelegate.swift */,
				045E1201233B55D6003D6D6A /* SceneDelegate.swift */,
				045E1203233B55D6003D6D6A /* ContentView.swift */,
				045E1205233B55D8003D6D6A /* Assets.xcassets */,
				045E120A233B55D8003D6D6A /* LaunchScreen.storyboard */,
				045E120D233B55D8003D6D6A /* Info.plist */,
				045E1207233B55D8003D6D6A /* Preview Content */,
			);
			path = "Animation-Go-B4";
			sourceTree = "<group>";
		};
		045E1207233B55D8003D6D6A /* Preview Content */ = {
			isa = PBXGroup;
			children = (
				045E1208233B55D8003D6D6A /* Preview Assets.xcassets */,
			);
			path = "Preview Content";
			sourceTree = "<group>";
		};
/* End PBXGroup section */

/* Begin PBXNativeTarget section */
		045E11FB233B55D6003D6D6A /* Animation-Go-B4 */ = {
			isa = PBXNativeTarget;
			buildConfigurationList = 045E1210233B55D8003D6D6A /* Build configuration list for PBXNativeTarget "Animation-Go-B4" */;
			buildPhases = (
				045E11F8233B55D6003D6D6A /* Sources */,
				045E11F9233B55D6003D6D6A /* Frameworks */,
				045E11FA233B55D6003D6D6A /* Resources */,
			);
			buildRules = (
			);
			dependencies = (
			);
			name = "Animation-Go-B4";
			productName = "Animation-Go-B4";
			productReference = 045E11FC233B55D6003D6D6A /* Animation-Go-B4.app */;
			productType = "com.apple.product-type.application";
		};
/* End PBXNativeTarget section */

/* Begin PBXProject section */
		045E11F4233B55D6003D6D6A /* Project object */ = {
			isa = PBXProject;
			attributes = {
				LastSwiftUpdateCheck = 1100;
				LastUpgradeCheck = 1100;
				ORGANIZATIONNAME = xsad;
				TargetAttributes = {
					045E11FB233B55D6003D6D6A = {
						CreatedOnToolsVersion = 11.0;
					};
				};
			};
			buildConfigurationList = 045E11F7233B55D6003D6D6A /* Build configuration list for PBXProject "Animation-Go-B4" */;
			compatibilityVersion = "Xcode 9.3";
			developmentRegion = en;
			hasScannedForEncodings = 0;
			knownRegions = (
				en,
				Base,
			);
			mainGroup = 045E11F3233B55D6003D6D6A;
			productRefGroup = 045E11FD233B55D6003D6D6A /* Products */;
			projectDirPath = "";
			projectRoot = "";
			targets = (
				045E11FB233B55D6003D6D6A /* Animation-Go-B4 */,
			);
		};
/* End PBXProject section */

/* Begin PBXResourcesBuildPhase section */
		045E11FA233B55D6003D6D6A /* Resources */ = {
			isa = PBXResourcesBuildPhase;
			buildActionMask = 2147483647;
			files = (
				045E120C233B55D8003D6D6A /* LaunchScreen.storyboard in Resources */,
				045E1209233B55D8003D6D6A /* Preview Assets.xcassets in Resources */,
				045E1206233B55D8003D6D6A /* Assets.xcassets in Resources */,
			);
			runOnlyForDeploymentPostprocessing = 0;
		};
/* End PBXResourcesBuildPhase section */

/* Begin PBXSourcesBuildPhase section */
		045E11F8233B55D6003D6D6A /* Sources */ = {
			isa = PBXSourcesBuildPhase;
			buildActionMask = 2147483647;
			files = (
				045E1200233B55D6003D6D6A /* AppDelegate.swift in Sources */,
				045E1202233B55D6003D6D6A /* SceneDelegate.swift in Sources */,
				045E1204233B55D6003D6D6A /* ContentView.swift in Sources */,
			);
			runOnlyForDeploymentPostprocessing = 0;
		};
/* End PBXSourcesBuildPhase section */

/* Begin PBXVariantGroup section */
		045E120A233B55D8003D6D6A /* LaunchScreen.storyboard */ = {
			isa = PBXVariantGroup;
			children = (
				045E120B233B55D8003D6D6A /* Base */,
			);
			name = LaunchScreen.storyboard;
			sourceTree = "<group>";
		};
/* End PBXVariantGroup section */

/* Begin XCBuildConfiguration section */
		045E120E233B55D8003D6D6A /* Debug */ = {
			isa = XCBuildConfiguration;
			buildSettings = {
				ALWAYS_SEARCH_USER_PATHS = NO;
				CLANG_ANALYZER_NONNULL = YES;
				CLANG_ANALYZER_NUMBER_OBJECT_CONVERSION = YES_AGGRESSIVE;
				CLANG_CXX_LANGUAGE_STANDARD = "gnu++14";
				CLANG_CXX_LIBRARY = "libc++";
				CLANG_ENABLE_MODULES = YES;
				CLANG_ENABLE_OBJC_ARC = YES;
				CLANG_ENABLE_OBJC_WEAK = YES;
				CLANG_WARN_BLOCK_CAPTURE_AUTORELEASING = YES;
				CLANG_WARN_BOOL_CONVERSION = YES;
				CLANG_WARN_COMMA = YES;
				CLANG_WARN_CONSTANT_CONVERSION = YES;
				CLANG_WARN_DEPRECATED_OBJC_IMPLEMENTATIONS = YES;
				CLANG_WARN_DIRECT_OBJC_ISA_USAGE = YES_ERROR;
				CLANG_WARN_DOCUMENTATION_COMMENTS = YES;
				CLANG_WARN_EMPTY_BODY = YES;
				CLANG_WARN_ENUM_CONVERSION = YES;
				CLANG_WARN_INFINITE_RECURSION = YES;
				CLANG_WARN_INT_CONVERSION = YES;
				CLANG_WARN_NON_LITERAL_NULL_CONVERSION = YES;
				CLANG_WARN_OBJC_IMPLICIT_RETAIN_SELF = YES;
				CLANG_WARN_OBJC_LITERAL_CONVERSION = YES;
				CLANG_WARN_OBJC_ROOT_CLASS = YES_ERROR;
				CLANG_WARN_RANGE_LOOP_ANALYSIS = YES;
				CLANG_WARN_STRICT_PROTOTYPES = YES;
				CLANG_WARN_SUSPICIOUS_MOVE = YES;
				CLANG_WARN_UNGUARDED_AVAILABILITY = YES_AGGRESSIVE;
				CLANG_WARN_UNREACHABLE_CODE = YES;
				CLANG_WARN__DUPLICATE_METHOD_MATCH = YES;
				COPY_PHASE_STRIP = NO;
				DEBUG_INFORMATION_FORMAT = dwarf;
				ENABLE_STRICT_OBJC_MSGSEND = YES;
				ENABLE_TESTABILITY = YES;
				GCC_C_LANGUAGE_STANDARD = gnu11;
				GCC_DYNAMIC_NO_PIC = NO;
				GCC_NO_COMMON_BLOCKS = YES;
				GCC_OPTIMIZATION_LEVEL = 0;
				GCC_PREPROCESSOR_DEFINITIONS = (
					"DEBUG=1",
					"$(inherited)",
				);
				GCC_WARN_64_TO_32_BIT_CONVERSION = YES;
				GCC_WARN_ABOUT_RETURN_TYPE = YES_ERROR;
				GCC_WARN_UNDECLARED_SELECTOR = YES;
				GCC_WARN_UNINITIALIZED_AUTOS = YES_AGGRESSIVE;
				GCC_WARN_UNUSED_FUNCTION = YES;
				GCC_WARN_UNUSED_VARIABLE = YES;
				IPHONEOS_DEPLOYMENT_TARGET = 13.0;
				MTL_ENABLE_DEBUG_INFO = INCLUDE_SOURCE;
				MTL_FAST_MATH = YES;
				ONLY_ACTIVE_ARCH = YES;
				SDKROOT = iphoneos;
				SWIFT_ACTIVE_COMPILATION_CONDITIONS = DEBUG;
				SWIFT_OPTIMIZATION_LEVEL = "-Onone";
			};
			name = Debug;
		};
		045E120F233B55D8003D6D6A /* Release */ = {
			isa = XCBuildConfiguration;
			buildSettings = {
				ALWAYS_SEARCH_USER_PATHS = NO;
				CLANG_ANALYZER_NONNULL = YES;
				CLANG_ANALYZER_NUMBER_OBJECT_CONVERSION = YES_AGGRESSIVE;
				CLANG_CXX_LANGUAGE_STANDARD = "gnu++14";
				CLANG_CXX_LIBRARY = "libc++";
				CLANG_ENABLE_MODULES = YES;
				CLANG_ENABLE_OBJC_ARC = YES;
				CLANG_ENABLE_OBJC_WEAK = YES;
				CLANG_WARN_BLOCK_CAPTURE_AUTORELEASING = YES;
				CLANG_WARN_BOOL_CONVERSION = YES;
				CLANG_WARN_COMMA = YES;
				CLANG_WARN_CONSTANT_CONVERSION = YES;
				CLANG_WARN_DEPRECATED_OBJC_IMPLEMENTATIONS = YES;
				CLANG_WARN_DIRECT_OBJC_ISA_USAGE = YES_ERROR;
				CLANG_WARN_DOCUMENTATION_COMMENTS = YES;
				CLANG_WARN_EMPTY_BODY = YES;
				CLANG_WARN_ENUM_CONVERSION = YES;
				CLANG_WARN_INFINITE_RECURSION = YES;
				CLANG_WARN_INT_CONVERSION = YES;
				CLANG_WARN_NON_LITERAL_NULL_CONVERSION = YES;
				CLANG_WARN_OBJC_IMPLICIT_RETAIN_SELF = YES;
				CLANG_WARN_OBJC_LITERAL_CONVERSION = YES;
				CLANG_WARN_OBJC_ROOT_CLASS = YES_ERROR;
				CLANG_WARN_RANGE_LOOP_ANALYSIS = YES;
				CLANG_WARN_STRICT_PROTOTYPES = YES;
				CLANG_WARN_SUSPICIOUS_MOVE = YES;
				CLANG_WARN_UNGUARDED_AVAILABILITY = YES_AGGRESSIVE;
				CLANG_WARN_UNREACHABLE_CODE = YES;
				CLANG_WARN__DUPLICATE_METHOD_MATCH = YES;
				COPY_PHASE_STRIP = NO;
				DEBUG_INFORMATION_FORMAT = "dwarf-with-dsym";
				ENABLE_NS_ASSERTIONS = NO;
				ENABLE_STRICT_OBJC_MSGSEND = YES;
				GCC_C_LANGUAGE_STANDARD = gnu11;
				GCC_NO_COMMON_BLOCKS = YES;
				GCC_WARN_64_TO_32_BIT_CONVERSION = YES;
				GCC_WARN_ABOUT_RETURN_TYPE = YES_ERROR;
				GCC_WARN_UNDECLARED_SELECTOR = YES;
				GCC_WARN_UNINITIALIZED_AUTOS = YES_AGGRESSIVE;
				GCC_WARN_UNUSED_FUNCTION = YES;
				GCC_WARN_UNUSED_VARIABLE = YES;
				IPHONEOS_DEPLOYMENT_TARGET = 13.0;
				MTL_ENABLE_DEBUG_INFO = NO;
				MTL_FAST_MATH = YES;
				SDKROOT = iphoneos;
				SWIFT_COMPILATION_MODE = wholemodule;
				SWIFT_OPTIMIZATION_LEVEL = "-O";
				VALIDATE_PRODUCT = YES;
			};
			name = Release;
		};
		045E1211233B55D8003D6D6A /* Debug */ = {
			isa = XCBuildConfiguration;
			buildSettings = {
				ASSETCATALOG_COMPILER_APPICON_NAME = AppIcon;
				CODE_SIGN_STYLE = Automatic;
				DEVELOPMENT_ASSET_PATHS = "\"Animation-Go-B4/Preview Content\"";
				ENABLE_PREVIEWS = YES;
				INFOPLIST_FILE = "Animation-Go-B4/Info.plist";
				LD_RUNPATH_SEARCH_PATHS = (
					"$(inherited)",
					"@executable_path/Frameworks",
				);
				PRODUCT_BUNDLE_IDENTIFIER = "sad.Animation-Go-B4";
				PRODUCT_NAME = "$(TARGET_NAME)";
				SWIFT_VERSION = 5.0;
				TARGETED_DEVICE_FAMILY = "1,2";
			};
			name = Debug;
		};
		045E1212233B55D8003D6D6A /* Release */ = {
			isa = XCBuildConfiguration;
			buildSettings = {
				ASSETCATALOG_COMPILER_APPICON_NAME = AppIcon;
				CODE_SIGN_STYLE = Automatic;
				DEVELOPMENT_ASSET_PATHS = "\"Animation-Go-B4/Preview Content\"";
				ENABLE_PREVIEWS = YES;
				INFOPLIST_FILE = "Animation-Go-B4/Info.plist";
				LD_RUNPATH_SEARCH_PATHS = (
					"$(inherited)",
					"@executable_path/Frameworks",
				);
				PRODUCT_BUNDLE_IDENTIFIER = "sad.Animation-Go-B4";
				PRODUCT_NAME = "$(TARGET_NAME)";
				SWIFT_VERSION = 5.0;
				TARGETED_DEVICE_FAMILY = "1,2";
			};
			name = Release;
		};
/* End XCBuildConfiguration section */

/* Begin XCConfigurationList section */
		045E11F7233B55D6003D6D6A /* Build configuration list for PBXProject "Animation-Go-B4" */ = {
			isa = XCConfigurationList;
			buildConfigurations = (
				045E120E233B55D8003D6D6A /* Debug */,
				045E120F233B55D8003D6D6A /* Release */,
			);
			defaultConfigurationIsVisible = 0;
			defaultConfigurationName = Release;
		};
		045E1210233B55D8003D6D6A /* Build configuration list for PBXNativeTarget "Animation-Go-B4" */ = {
			isa = XCConfigurationList;
			buildConfigurations = (
				045E1211233B55D8003D6D6A /* Debug */,
				045E1212233B55D8003D6D6A /* Release */,
			);
			defaultConfigurationIsVisible = 0;
			defaultConfigurationName = Release;
		};
/* End XCConfigurationList section */
	};
	rootObject = 045E11F4233B55D6003D6D6A /* Project object */;
}
